
Microsoft Visual Studio Solution File, Format Version 12.00
# Visual Studio Version 17
VisualStudioVersion = 17.4.33213.308
MinimumVisualStudioVersion = 10.0.40219.1
Project("{FAE04EC0-301F-11D3-BF4B-00C04F79EFBC}") = "Laboratorio04", "Laboratorio04\Laboratorio04.csproj", "{AA2B11EB-DE23-4D71-B864-6B84FED0391F}"
EndProject
Global
	GlobalSection(SolutionConfigurationPlatforms) = preSolution
		Debug|Any CPU = Debug|Any CPU
		Release|Any CPU = Release|Any CPU
	EndGlobalSection
	GlobalSection(ProjectConfigurationPlatforms) = postSolution
		{AA2B11EB-DE23-4D71-B864-6B84FED0391F}.Debug|Any CPU.ActiveCfg = Debug|Any CPU
		{AA2B11EB-DE23-4D71-B864-6B84FED0391F}.Debug|Any CPU.Build.0 = Debug|Any CPU
		{AA2B11EB-DE23-4D71-B864-6B84FED0391F}.Release|Any CPU.ActiveCfg = Release|Any CPU
		{AA2B11EB-DE23-4D71-B864-6B84FED0391F}.Release|Any CPU.Build.0 = Release|Any CPU
	EndGlobalSection
	GlobalSection(SolutionProperties) = preSolution
		HideSolutionNode = FALSE
	EndGlobalSection
	GlobalSection(ExtensibilityGlobals) = postSolution
		SolutionGuid = {B5F8B0B7-4D0C-4054-B74A-4C446DADA58A}
	EndGlobalSection
EndGlobal
